
Microsoft Visual Studio Solution File, Format Version 12.00
# Visual Studio Version 16
VisualStudioVersion = 16.0.30717.126
MinimumVisualStudioVersion = 10.0.40219.1
Project("{9A19103F-16F7-4668-BE54-9A1E7A4F7556}") = "Rdi.Application", "Rdi.Application\Rdi.Application.csproj", "{3091895A-4210-4375-9326-0744F79F32F0}"
EndProject
Project("{9A19103F-16F7-4668-BE54-9A1E7A4F7556}") = "Rdi.Data", "Rdi.Data\Rdi.Data.csproj", "{57FB6BF6-7C1E-4C65-AD7E-1E4AEFD01F85}"
EndProject
Project("{9A19103F-16F7-4668-BE54-9A1E7A4F7556}") = "Rdi.Core", "Rdi.Core\Rdi.Core.csproj", "{720902E3-4A3E-4D13-B285-6AC99718DD64}"
EndProject
Project("{9A19103F-16F7-4668-BE54-9A1E7A4F7556}") = "Rdi.Domain", "Rdi.Domain\Rdi.Domain.csproj", "{7D6FF431-ADD2-4343-B684-99AFA55FF17B}"
EndProject
Project("{2150E333-8FDC-42A3-9474-1A3956D46DE8}") = "Tests", "Tests", "{771C53D0-FCEE-48C7-87F7-8E188FEA37A8}"
EndProject
Project("{9A19103F-16F7-4668-BE54-9A1E7A4F7556}") = "Rdi.Domain.Tests", "Rdi.Domain.Tests\Rdi.Domain.Tests.csproj", "{4E484D46-CFE6-41D9-AF3A-B660BA4D1CF4}"
EndProject
Project("{9A19103F-16F7-4668-BE54-9A1E7A4F7556}") = "Rdi.WebApp", "Rdi.WebApp\Rdi.WebApp.csproj", "{856693C1-FE35-4CD8-9D0B-48E251804C78}"
EndProject
Project("{FAE04EC0-301F-11D3-BF4B-00C04F79EFBC}") = "Rdi.Application.Tests", "Rdi.Application.Tests\Rdi.Application.Tests.csproj", "{EA0AFF5E-D335-41B0-ABB2-1FD87FF5225F}"
EndProject
Global
	GlobalSection(SolutionConfigurationPlatforms) = preSolution
		Debug|Any CPU = Debug|Any CPU
		Release|Any CPU = Release|Any CPU
	EndGlobalSection
	GlobalSection(ProjectConfigurationPlatforms) = postSolution
		{3091895A-4210-4375-9326-0744F79F32F0}.Debug|Any CPU.ActiveCfg = Debug|Any CPU
		{3091895A-4210-4375-9326-0744F79F32F0}.Debug|Any CPU.Build.0 = Debug|Any CPU
		{3091895A-4210-4375-9326-0744F79F32F0}.Release|Any CPU.ActiveCfg = Release|Any CPU
		{3091895A-4210-4375-9326-0744F79F32F0}.Release|Any CPU.Build.0 = Release|Any CPU
		{57FB6BF6-7C1E-4C65-AD7E-1E4AEFD01F85}.Debug|Any CPU.ActiveCfg = Debug|Any CPU
		{57FB6BF6-7C1E-4C65-AD7E-1E4AEFD01F85}.Debug|Any CPU.Build.0 = Debug|Any CPU
		{57FB6BF6-7C1E-4C65-AD7E-1E4AEFD01F85}.Release|Any CPU.ActiveCfg = Release|Any CPU
		{57FB6BF6-7C1E-4C65-AD7E-1E4AEFD01F85}.Release|Any CPU.Build.0 = Release|Any CPU
		{720902E3-4A3E-4D13-B285-6AC99718DD64}.Debug|Any CPU.ActiveCfg = Debug|Any CPU
		{720902E3-4A3E-4D13-B285-6AC99718DD64}.Debug|Any CPU.Build.0 = Debug|Any CPU
		{720902E3-4A3E-4D13-B285-6AC99718DD64}.Release|Any CPU.ActiveCfg = Release|Any CPU
		{720902E3-4A3E-4D13-B285-6AC99718DD64}.Release|Any CPU.Build.0 = Release|Any CPU
		{7D6FF431-ADD2-4343-B684-99AFA55FF17B}.Debug|Any CPU.ActiveCfg = Debug|Any CPU
		{7D6FF431-ADD2-4343-B684-99AFA55FF17B}.Debug|Any CPU.Build.0 = Debug|Any CPU
		{7D6FF431-ADD2-4343-B684-99AFA55FF17B}.Release|Any CPU.ActiveCfg = Release|Any CPU
		{7D6FF431-ADD2-4343-B684-99AFA55FF17B}.Release|Any CPU.Build.0 = Release|Any CPU
		{4E484D46-CFE6-41D9-AF3A-B660BA4D1CF4}.Debug|Any CPU.ActiveCfg = Debug|Any CPU
		{4E484D46-CFE6-41D9-AF3A-B660BA4D1CF4}.Debug|Any CPU.Build.0 = Debug|Any CPU
		{4E484D46-CFE6-41D9-AF3A-B660BA4D1CF4}.Release|Any CPU.ActiveCfg = Release|Any CPU
		{4E484D46-CFE6-41D9-AF3A-B660BA4D1CF4}.Release|Any CPU.Build.0 = Release|Any CPU
		{856693C1-FE35-4CD8-9D0B-48E251804C78}.Debug|Any CPU.ActiveCfg = Debug|Any CPU
		{856693C1-FE35-4CD8-9D0B-48E251804C78}.Debug|Any CPU.Build.0 = Debug|Any CPU
		{856693C1-FE35-4CD8-9D0B-48E251804C78}.Release|Any CPU.ActiveCfg = Release|Any CPU
		{856693C1-FE35-4CD8-9D0B-48E251804C78}.Release|Any CPU.Build.0 = Release|Any CPU
		{EA0AFF5E-D335-41B0-ABB2-1FD87FF5225F}.Debug|Any CPU.ActiveCfg = Debug|Any CPU
		{EA0AFF5E-D335-41B0-ABB2-1FD87FF5225F}.Debug|Any CPU.Build.0 = Debug|Any CPU
		{EA0AFF5E-D335-41B0-ABB2-1FD87FF5225F}.Release|Any CPU.ActiveCfg = Release|Any CPU
		{EA0AFF5E-D335-41B0-ABB2-1FD87FF5225F}.Release|Any CPU.Build.0 = Release|Any CPU
	EndGlobalSection
	GlobalSection(SolutionProperties) = preSolution
		HideSolutionNode = FALSE
	EndGlobalSection
	GlobalSection(NestedProjects) = preSolution
		{4E484D46-CFE6-41D9-AF3A-B660BA4D1CF4} = {771C53D0-FCEE-48C7-87F7-8E188FEA37A8}
		{EA0AFF5E-D335-41B0-ABB2-1FD87FF5225F} = {771C53D0-FCEE-48C7-87F7-8E188FEA37A8}
	EndGlobalSection
	GlobalSection(ExtensibilityGlobals) = postSolution
		SolutionGuid = {DB0F8FF1-FE5A-4080-9285-74C23EAF9091}
	EndGlobalSection
EndGlobal
